
Microsoft Visual Studio Solution File, Format Version 12.00
# Visual Studio Version 17
VisualStudioVersion = 17.1.32228.430
MinimumVisualStudioVersion = 10.0.40219.1
Project("{FAE04EC0-301F-11D3-BF4B-00C04F79EFBC}") = "Task_1.3", "Task_1.3.csproj", "{1DABEFC4-3F98-4152-AC52-B96E62C03762}"
EndProject
Global
	GlobalSection(SolutionConfigurationPlatforms) = preSolution
		Debug|Any CPU = Debug|Any CPU
		Release|Any CPU = Release|Any CPU
	EndGlobalSection
	GlobalSection(ProjectConfigurationPlatforms) = postSolution
		{1DABEFC4-3F98-4152-AC52-B96E62C03762}.Debug|Any CPU.ActiveCfg = Debug|Any CPU
		{1DABEFC4-3F98-4152-AC52-B96E62C03762}.Debug|Any CPU.Build.0 = Debug|Any CPU
		{1DABEFC4-3F98-4152-AC52-B96E62C03762}.Release|Any CPU.ActiveCfg = Release|Any CPU
		{1DABEFC4-3F98-4152-AC52-B96E62C03762}.Release|Any CPU.Build.0 = Release|Any CPU
	EndGlobalSection
	GlobalSection(SolutionProperties) = preSolution
		HideSolutionNode = FALSE
	EndGlobalSection
	GlobalSection(ExtensibilityGlobals) = postSolution
		SolutionGuid = {84AFDD90-722F-4CD5-A639-D03921C94922}
	EndGlobalSection
EndGlobal
