
Microsoft Visual Studio Solution File, Format Version 12.00
# Visual Studio Version 17
VisualStudioVersion = 17.1.32228.430
MinimumVisualStudioVersion = 10.0.40219.1
Project("{FAE04EC0-301F-11D3-BF4B-00C04F79EFBC}") = "Task_1.3", "Task_1.3.csproj", "{D34F7F29-02BE-48DE-99EC-7DAA98B7D3B0}"
EndProject
Global
	GlobalSection(SolutionConfigurationPlatforms) = preSolution
		Debug|Any CPU = Debug|Any CPU
		Release|Any CPU = Release|Any CPU
	EndGlobalSection
	GlobalSection(ProjectConfigurationPlatforms) = postSolution
		{D34F7F29-02BE-48DE-99EC-7DAA98B7D3B0}.Debug|Any CPU.ActiveCfg = Debug|Any CPU
		{D34F7F29-02BE-48DE-99EC-7DAA98B7D3B0}.Debug|Any CPU.Build.0 = Debug|Any CPU
		{D34F7F29-02BE-48DE-99EC-7DAA98B7D3B0}.Release|Any CPU.ActiveCfg = Release|Any CPU
		{D34F7F29-02BE-48DE-99EC-7DAA98B7D3B0}.Release|Any CPU.Build.0 = Release|Any CPU
	EndGlobalSection
	GlobalSection(SolutionProperties) = preSolution
		HideSolutionNode = FALSE
	EndGlobalSection
	GlobalSection(ExtensibilityGlobals) = postSolution
		SolutionGuid = {60A70AE9-7A05-4470-91DE-E2A7013DE108}
	EndGlobalSection
EndGlobal
